{
  "requires": true,
  "lockfileVersion": 1,
  "dependencies": {
    "@types/node": {
      "version": "12.12.47",
      "resolved": "https://registry.npmjs.org/@types/node/-/node-12.12.47.tgz",
      "integrity": "sha512-yzBInQFhdY8kaZmqoL2+3U5dSTMrKaYcb561VU+lDzAYvqt+2lojvBEy+hmpSNuXnPTx7m9+04CzWYOUqWME2A==",
      "dev": true
    },
    "@types/yauzl": {
      "version": "2.9.1",
      "resolved": "https://registry.npmjs.org/@types/yauzl/-/yauzl-2.9.1.tgz",
      "integrity": "sha512-A1b8SU4D10uoPjwb0lnHmmu8wZhR9d+9o2PKBQT2jU5YPTKsxac6M2qGAdY7VcL+dHHhARVUDmeg0rOrcd9EjA==",
      "dev": true,
      "requires": {
        "@types/node": "*"
      }
    },
    "typescript": {
      "version": "3.9.5",
      "resolved": "https://registry.npmjs.org/typescript/-/typescript-3.9.5.tgz",
      "integrity": "sha512-hSAifV3k+i6lEoCJ2k6R2Z/rp/H3+8sdmcn5NrS3/3kE7+RyZXm9aqvxWqjEXHAd8b0pShatpcdMTvEdvAJltQ==",
      "dev": true
    }
  }
}
